// !$*UTF8*$!
{
	archiveVersion = 1;
	classes = {
	};
	objectVersion = 51;
	objects = {

/* Begin PBXBuildFile section */
		895F577B24C95B7F000EC02F /* HomeViewController.swift in Sources */ = {isa = PBXBuildFile; fileRef = 895F577A24C95B7F000EC02F /* HomeViewController.swift */; };
		897E514D24C5539E006C9131 /* SignupLoginViewController.swift in Sources */ = {isa = PBXBuildFile; fileRef = 897E514C24C5539E006C9131 /* SignupLoginViewController.swift */; };
		899E655D24BE91D5003E8D3D /* gameScreenViewController.swift in Sources */ = {isa = PBXBuildFile; fileRef = 899E655C24BE91D5003E8D3D /* gameScreenViewController.swift */; };
		899E655F24BE91E0003E8D3D /* cameraViewController.swift in Sources */ = {isa = PBXBuildFile; fileRef = 899E655E24BE91E0003E8D3D /* cameraViewController.swift */; };
		89AD2B2024BC225E008B4696 /* AppDelegate.swift in Sources */ = {isa = PBXBuildFile; fileRef = 89AD2B1F24BC225E008B4696 /* AppDelegate.swift */; };
		89AD2B2224BC225E008B4696 /* SceneDelegate.swift in Sources */ = {isa = PBXBuildFile; fileRef = 89AD2B2124BC225E008B4696 /* SceneDelegate.swift */; };
		89AD2B2424BC225E008B4696 /* ViewController.swift in Sources */ = {isa = PBXBuildFile; fileRef = 89AD2B2324BC225E008B4696 /* ViewController.swift */; };
		89AD2B2724BC225E008B4696 /* Main.storyboard in Resources */ = {isa = PBXBuildFile; fileRef = 89AD2B2524BC225E008B4696 /* Main.storyboard */; };
		89AD2B2A24BC225E008B4696 /* ColorQuest.xcdatamodeld in Sources */ = {isa = PBXBuildFile; fileRef = 89AD2B2824BC225E008B4696 /* ColorQuest.xcdatamodeld */; };
		89AD2B2C24BC225F008B4696 /* Assets.xcassets in Resources */ = {isa = PBXBuildFile; fileRef = 89AD2B2B24BC225F008B4696 /* Assets.xcassets */; };
		89AD2B2F24BC225F008B4696 /* LaunchScreen.storyboard in Resources */ = {isa = PBXBuildFile; fileRef = 89AD2B2D24BC225F008B4696 /* LaunchScreen.storyboard */; };
		89AD2B3724BC22A4008B4696 /* GoogleService-Info.plist in Resources */ = {isa = PBXBuildFile; fileRef = 89AD2B3624BC22A4008B4696 /* GoogleService-Info.plist */; };
		89B5482924CBF6E100855802 /* popUpViewController.swift in Sources */ = {isa = PBXBuildFile; fileRef = 89B5482824CBF6E100855802 /* popUpViewController.swift */; };
		89B5482B24CBFD7700855802 /* playerCell.swift in Sources */ = {isa = PBXBuildFile; fileRef = 89B5482A24CBFD7700855802 /* playerCell.swift */; };
		89B5483824CD042100855802 /* LeadCell.swift in Sources */ = {isa = PBXBuildFile; fileRef = 89B5483624CD042100855802 /* LeadCell.swift */; };
		89B5483924CD042100855802 /* LeadCell.xib in Resources */ = {isa = PBXBuildFile; fileRef = 89B5483724CD042100855802 /* LeadCell.xib */; };
		97C1322FD6C96B0049F0493C /* Pods_ColorQuest.framework in Frameworks */ = {isa = PBXBuildFile; fileRef = 9107E6DE0BC3704260890695 /* Pods_ColorQuest.framework */; };
		EC6A709F24CE4DCA00640319 /* WaitingRoomViewController.swift in Sources */ = {isa = PBXBuildFile; fileRef = EC6A709E24CE4DCA00640319 /* WaitingRoomViewController.swift */; };
		ECC1B59A24C2E932000C050E /* scoreManager.swift in Sources */ = {isa = PBXBuildFile; fileRef = ECC1B59924C2E932000C050E /* scoreManager.swift */; };
/* End PBXBuildFile section */

/* Begin PBXFileReference section */
		3C5B71394B5571BE09E7953B /* Pods-ColorQuest.debug.xcconfig */ = {isa = PBXFileReference; includeInIndex = 1; lastKnownFileType = text.xcconfig; name = "Pods-ColorQuest.debug.xcconfig"; path = "Target Support Files/Pods-ColorQuest/Pods-ColorQuest.debug.xcconfig"; sourceTree = "<group>"; };
		79FFDA8D50A8ADD03F2BAC8F /* Pods-ColorQuest.release.xcconfig */ = {isa = PBXFileReference; includeInIndex = 1; lastKnownFileType = text.xcconfig; name = "Pods-ColorQuest.release.xcconfig"; path = "Target Support Files/Pods-ColorQuest/Pods-ColorQuest.release.xcconfig"; sourceTree = "<group>"; };
		895F577A24C95B7F000EC02F /* HomeViewController.swift */ = {isa = PBXFileReference; lastKnownFileType = sourcecode.swift; path = HomeViewController.swift; sourceTree = "<group>"; };
		897E514C24C5539E006C9131 /* SignupLoginViewController.swift */ = {isa = PBXFileReference; lastKnownFileType = sourcecode.swift; path = SignupLoginViewController.swift; sourceTree = "<group>"; };
		899E655C24BE91D5003E8D3D /* gameScreenViewController.swift */ = {isa = PBXFileReference; lastKnownFileType = sourcecode.swift; path = gameScreenViewController.swift; sourceTree = "<group>"; };
		899E655E24BE91E0003E8D3D /* cameraViewController.swift */ = {isa = PBXFileReference; lastKnownFileType = sourcecode.swift; path = cameraViewController.swift; sourceTree = "<group>"; };
		89AD2B1C24BC225E008B4696 /* ColorQuest.app */ = {isa = PBXFileReference; explicitFileType = wrapper.application; includeInIndex = 0; path = ColorQuest.app; sourceTree = BUILT_PRODUCTS_DIR; };
		89AD2B1F24BC225E008B4696 /* AppDelegate.swift */ = {isa = PBXFileReference; lastKnownFileType = sourcecode.swift; path = AppDelegate.swift; sourceTree = "<group>"; };
		89AD2B2124BC225E008B4696 /* SceneDelegate.swift */ = {isa = PBXFileReference; lastKnownFileType = sourcecode.swift; path = SceneDelegate.swift; sourceTree = "<group>"; };
		89AD2B2324BC225E008B4696 /* ViewController.swift */ = {isa = PBXFileReference; lastKnownFileType = sourcecode.swift; path = ViewController.swift; sourceTree = "<group>"; };
		89AD2B2624BC225E008B4696 /* Base */ = {isa = PBXFileReference; lastKnownFileType = file.storyboard; name = Base; path = Base.lproj/Main.storyboard; sourceTree = "<group>"; };
		89AD2B2924BC225E008B4696 /* ColorQuest.xcdatamodel */ = {isa = PBXFileReference; lastKnownFileType = wrapper.xcdatamodel; path = ColorQuest.xcdatamodel; sourceTree = "<group>"; };
		89AD2B2B24BC225F008B4696 /* Assets.xcassets */ = {isa = PBXFileReference; lastKnownFileType = folder.assetcatalog; path = Assets.xcassets; sourceTree = "<group>"; };
		89AD2B2E24BC225F008B4696 /* Base */ = {isa = PBXFileReference; lastKnownFileType = file.storyboard; name = Base; path = Base.lproj/LaunchScreen.storyboard; sourceTree = "<group>"; };
		89AD2B3024BC225F008B4696 /* Info.plist */ = {isa = PBXFileReference; lastKnownFileType = text.plist.xml; path = Info.plist; sourceTree = "<group>"; };
		89AD2B3624BC22A4008B4696 /* GoogleService-Info.plist */ = {isa = PBXFileReference; fileEncoding = 4; lastKnownFileType = text.plist.xml; path = "GoogleService-Info.plist"; sourceTree = "<group>"; };
		89B5482824CBF6E100855802 /* popUpViewController.swift */ = {isa = PBXFileReference; lastKnownFileType = sourcecode.swift; path = popUpViewController.swift; sourceTree = "<group>"; };
		89B5482A24CBFD7700855802 /* playerCell.swift */ = {isa = PBXFileReference; lastKnownFileType = sourcecode.swift; path = playerCell.swift; sourceTree = "<group>"; };
		89B5483624CD042100855802 /* LeadCell.swift */ = {isa = PBXFileReference; lastKnownFileType = sourcecode.swift; path = LeadCell.swift; sourceTree = "<group>"; };
		89B5483724CD042100855802 /* LeadCell.xib */ = {isa = PBXFileReference; lastKnownFileType = file.xib; path = LeadCell.xib; sourceTree = "<group>"; };
		9107E6DE0BC3704260890695 /* Pods_ColorQuest.framework */ = {isa = PBXFileReference; explicitFileType = wrapper.framework; includeInIndex = 0; path = Pods_ColorQuest.framework; sourceTree = BUILT_PRODUCTS_DIR; };
		EC6A709E24CE4DCA00640319 /* WaitingRoomViewController.swift */ = {isa = PBXFileReference; lastKnownFileType = sourcecode.swift; path = WaitingRoomViewController.swift; sourceTree = "<group>"; };
		ECC1B59924C2E932000C050E /* scoreManager.swift */ = {isa = PBXFileReference; lastKnownFileType = sourcecode.swift; path = scoreManager.swift; sourceTree = "<group>"; };
/* End PBXFileReference section */

/* Begin PBXFrameworksBuildPhase section */
		89AD2B1924BC225E008B4696 /* Frameworks */ = {
			isa = PBXFrameworksBuildPhase;
			buildActionMask = 2147483647;
			files = (
				97C1322FD6C96B0049F0493C /* Pods_ColorQuest.framework in Frameworks */,
			);
			runOnlyForDeploymentPostprocessing = 0;
		};
/* End PBXFrameworksBuildPhase section */

/* Begin PBXGroup section */
		2AF7DA95E72057E46C7DAC58 /* Frameworks */ = {
			isa = PBXGroup;
			children = (
				9107E6DE0BC3704260890695 /* Pods_ColorQuest.framework */,
			);
			name = Frameworks;
			sourceTree = "<group>";
		};
		4134F11ECC56DE30E64DE766 /* Pods */ = {
			isa = PBXGroup;
			children = (
				3C5B71394B5571BE09E7953B /* Pods-ColorQuest.debug.xcconfig */,
				79FFDA8D50A8ADD03F2BAC8F /* Pods-ColorQuest.release.xcconfig */,
			);
			path = Pods;
			sourceTree = "<group>";
		};
		89AD2B1324BC225E008B4696 = {
			isa = PBXGroup;
			children = (
				89AD2B1E24BC225E008B4696 /* ColorQuest */,
				89AD2B1D24BC225E008B4696 /* Products */,
				4134F11ECC56DE30E64DE766 /* Pods */,
				2AF7DA95E72057E46C7DAC58 /* Frameworks */,
			);
			sourceTree = "<group>";
		};
		89AD2B1D24BC225E008B4696 /* Products */ = {
			isa = PBXGroup;
			children = (
				89AD2B1C24BC225E008B4696 /* ColorQuest.app */,
			);
			name = Products;
			sourceTree = "<group>";
		};
		89AD2B1E24BC225E008B4696 /* ColorQuest */ = {
			isa = PBXGroup;
			children = (
				89AD2B1F24BC225E008B4696 /* AppDelegate.swift */,
				89AD2B2124BC225E008B4696 /* SceneDelegate.swift */,
				89AD2B2324BC225E008B4696 /* ViewController.swift */,
				89AD2B2524BC225E008B4696 /* Main.storyboard */,
				89B5482824CBF6E100855802 /* popUpViewController.swift */,
				89B5483624CD042100855802 /* LeadCell.swift */,
				89B5483724CD042100855802 /* LeadCell.xib */,
				89B5482A24CBFD7700855802 /* playerCell.swift */,
				895F577A24C95B7F000EC02F /* HomeViewController.swift */,
				EC6A709E24CE4DCA00640319 /* WaitingRoomViewController.swift */,
				897E514C24C5539E006C9131 /* SignupLoginViewController.swift */,
				899E655C24BE91D5003E8D3D /* gameScreenViewController.swift */,
				899E655E24BE91E0003E8D3D /* cameraViewController.swift */,
				89AD2B2B24BC225F008B4696 /* Assets.xcassets */,
				89AD2B2D24BC225F008B4696 /* LaunchScreen.storyboard */,
				89AD2B3024BC225F008B4696 /* Info.plist */,
				89AD2B2824BC225E008B4696 /* ColorQuest.xcdatamodeld */,
				89AD2B3624BC22A4008B4696 /* GoogleService-Info.plist */,
				ECC1B59924C2E932000C050E /* scoreManager.swift */,
			);
			path = ColorQuest;
			sourceTree = "<group>";
		};
/* End PBXGroup section */

/* Begin PBXNativeTarget section */
		89AD2B1B24BC225E008B4696 /* ColorQuest */ = {
			isa = PBXNativeTarget;
			buildConfigurationList = 89AD2B3324BC225F008B4696 /* Build configuration list for PBXNativeTarget "ColorQuest" */;
			buildPhases = (
				5498100B47BB14001111E0E7 /* [CP] Check Pods Manifest.lock */,
				89AD2B1824BC225E008B4696 /* Sources */,
				89AD2B1924BC225E008B4696 /* Frameworks */,
				89AD2B1A24BC225E008B4696 /* Resources */,
				2E332DC92D653C613F185545 /* [CP] Embed Pods Frameworks */,
			);
			buildRules = (
			);
			dependencies = (
			);
			name = ColorQuest;
			productName = ColorQuest;
			productReference = 89AD2B1C24BC225E008B4696 /* ColorQuest.app */;
			productType = "com.apple.product-type.application";
		};
/* End PBXNativeTarget section */

/* Begin PBXProject section */
		89AD2B1424BC225E008B4696 /* Project object */ = {
			isa = PBXProject;
			attributes = {
				LastSwiftUpdateCheck = 1150;
				LastUpgradeCheck = 1150;
				ORGANIZATIONNAME = "Michael Peng";
				TargetAttributes = {
					89AD2B1B24BC225E008B4696 = {
						CreatedOnToolsVersion = 11.5;
					};
				};
			};
			buildConfigurationList = 89AD2B1724BC225E008B4696 /* Build configuration list for PBXProject "ColorQuest" */;
			compatibilityVersion = "Xcode 9.3";
			developmentRegion = en;
			hasScannedForEncodings = 0;
			knownRegions = (
				en,
				Base,
			);
			mainGroup = 89AD2B1324BC225E008B4696;
			productRefGroup = 89AD2B1D24BC225E008B4696 /* Products */;
			projectDirPath = "";
			projectRoot = "";
			targets = (
				89AD2B1B24BC225E008B4696 /* ColorQuest */,
			);
		};
/* End PBXProject section */

/* Begin PBXResourcesBuildPhase section */
		89AD2B1A24BC225E008B4696 /* Resources */ = {
			isa = PBXResourcesBuildPhase;
			buildActionMask = 2147483647;
			files = (
				89AD2B3724BC22A4008B4696 /* GoogleService-Info.plist in Resources */,
				89AD2B2F24BC225F008B4696 /* LaunchScreen.storyboard in Resources */,
				89B5483924CD042100855802 /* LeadCell.xib in Resources */,
				89AD2B2C24BC225F008B4696 /* Assets.xcassets in Resources */,
				89AD2B2724BC225E008B4696 /* Main.storyboard in Resources */,
			);
			runOnlyForDeploymentPostprocessing = 0;
		};
/* End PBXResourcesBuildPhase section */

/* Begin PBXShellScriptBuildPhase section */
		2E332DC92D653C613F185545 /* [CP] Embed Pods Frameworks */ = {
			isa = PBXShellScriptBuildPhase;
			buildActionMask = 2147483647;
			files = (
			);
			inputFileListPaths = (
				"${PODS_ROOT}/Target Support Files/Pods-ColorQuest/Pods-ColorQuest-frameworks-${CONFIGURATION}-input-files.xcfilelist",
			);
			name = "[CP] Embed Pods Frameworks";
			outputFileListPaths = (
				"${PODS_ROOT}/Target Support Files/Pods-ColorQuest/Pods-ColorQuest-frameworks-${CONFIGURATION}-output-files.xcfilelist",
			);
			runOnlyForDeploymentPostprocessing = 0;
			shellPath = /bin/sh;
			shellScript = "\"${PODS_ROOT}/Target Support Files/Pods-ColorQuest/Pods-ColorQuest-frameworks.sh\"\n";
			showEnvVarsInLog = 0;
		};
		5498100B47BB14001111E0E7 /* [CP] Check Pods Manifest.lock */ = {
			isa = PBXShellScriptBuildPhase;
			buildActionMask = 2147483647;
			files = (
			);
			inputFileListPaths = (
			);
			inputPaths = (
				"${PODS_PODFILE_DIR_PATH}/Podfile.lock",
				"${PODS_ROOT}/Manifest.lock",
			);
			name = "[CP] Check Pods Manifest.lock";
			outputFileListPaths = (
			);
			outputPaths = (
				"$(DERIVED_FILE_DIR)/Pods-ColorQuest-checkManifestLockResult.txt",
			);
			runOnlyForDeploymentPostprocessing = 0;
			shellPath = /bin/sh;
			shellScript = "diff \"${PODS_PODFILE_DIR_PATH}/Podfile.lock\" \"${PODS_ROOT}/Manifest.lock\" > /dev/null\nif [ $? != 0 ] ; then\n    # print error to STDERR\n    echo \"error: The sandbox is not in sync with the Podfile.lock. Run 'pod install' or update your CocoaPods installation.\" >&2\n    exit 1\nfi\n# This output is used by Xcode 'outputs' to avoid re-running this script phase.\necho \"SUCCESS\" > \"${SCRIPT_OUTPUT_FILE_0}\"\n";
			showEnvVarsInLog = 0;
		};
/* End PBXShellScriptBuildPhase section */

/* Begin PBXSourcesBuildPhase section */
		89AD2B1824BC225E008B4696 /* Sources */ = {
			isa = PBXSourcesBuildPhase;
			buildActionMask = 2147483647;
			files = (
				EC6A709F24CE4DCA00640319 /* WaitingRoomViewController.swift in Sources */,
				897E514D24C5539E006C9131 /* SignupLoginViewController.swift in Sources */,
				89B5482924CBF6E100855802 /* popUpViewController.swift in Sources */,
				89AD2B2A24BC225E008B4696 /* ColorQuest.xcdatamodeld in Sources */,
				899E655F24BE91E0003E8D3D /* cameraViewController.swift in Sources */,
				89AD2B2424BC225E008B4696 /* ViewController.swift in Sources */,
				89B5483824CD042100855802 /* LeadCell.swift in Sources */,
				ECC1B59A24C2E932000C050E /* scoreManager.swift in Sources */,
				895F577B24C95B7F000EC02F /* HomeViewController.swift in Sources */,
				899E655D24BE91D5003E8D3D /* gameScreenViewController.swift in Sources */,
				89AD2B2024BC225E008B4696 /* AppDelegate.swift in Sources */,
				89AD2B2224BC225E008B4696 /* SceneDelegate.swift in Sources */,
				89B5482B24CBFD7700855802 /* playerCell.swift in Sources */,
			);
			runOnlyForDeploymentPostprocessing = 0;
		};
/* End PBXSourcesBuildPhase section */

/* Begin PBXVariantGroup section */
		89AD2B2524BC225E008B4696 /* Main.storyboard */ = {
			isa = PBXVariantGroup;
			children = (
				89AD2B2624BC225E008B4696 /* Base */,
			);
			name = Main.storyboard;
			sourceTree = "<group>";
		};
		89AD2B2D24BC225F008B4696 /* LaunchScreen.storyboard */ = {
			isa = PBXVariantGroup;
			children = (
				89AD2B2E24BC225F008B4696 /* Base */,
			);
			name = LaunchScreen.storyboard;
			sourceTree = "<group>";
		};
/* End PBXVariantGroup section */

/* Begin XCBuildConfiguration section */
		89AD2B3124BC225F008B4696 /* Debug */ = {
			isa = XCBuildConfiguration;
			buildSettings = {
				ALWAYS_SEARCH_USER_PATHS = NO;
				CLANG_ANALYZER_NONNULL = YES;
				CLANG_ANALYZER_NUMBER_OBJECT_CONVERSION = YES_AGGRESSIVE;
				CLANG_CXX_LANGUAGE_STANDARD = "gnu++14";
				CLANG_CXX_LIBRARY = "libc++";
				CLANG_ENABLE_MODULES = YES;
				CLANG_ENABLE_OBJC_ARC = YES;
				CLANG_ENABLE_OBJC_WEAK = YES;
				CLANG_WARN_BLOCK_CAPTURE_AUTORELEASING = YES;
				CLANG_WARN_BOOL_CONVERSION = YES;
				CLANG_WARN_COMMA = YES;
				CLANG_WARN_CONSTANT_CONVERSION = YES;
				CLANG_WARN_DEPRECATED_OBJC_IMPLEMENTATIONS = YES;
				CLANG_WARN_DIRECT_OBJC_ISA_USAGE = YES_ERROR;
				CLANG_WARN_DOCUMENTATION_COMMENTS = YES;
				CLANG_WARN_EMPTY_BODY = YES;
				CLANG_WARN_ENUM_CONVERSION = YES;
				CLANG_WARN_INFINITE_RECURSION = YES;
				CLANG_WARN_INT_CONVERSION = YES;
				CLANG_WARN_NON_LITERAL_NULL_CONVERSION = YES;
				CLANG_WARN_OBJC_IMPLICIT_RETAIN_SELF = YES;
				CLANG_WARN_OBJC_LITERAL_CONVERSION = YES;
				CLANG_WARN_OBJC_ROOT_CLASS = YES_ERROR;
				CLANG_WARN_RANGE_LOOP_ANALYSIS = YES;
				CLANG_WARN_STRICT_PROTOTYPES = YES;
				CLANG_WARN_SUSPICIOUS_MOVE = YES;
				CLANG_WARN_UNGUARDED_AVAILABILITY = YES_AGGRESSIVE;
				CLANG_WARN_UNREACHABLE_CODE = YES;
				CLANG_WARN__DUPLICATE_METHOD_MATCH = YES;
				COPY_PHASE_STRIP = NO;
				DEBUG_INFORMATION_FORMAT = dwarf;
				ENABLE_STRICT_OBJC_MSGSEND = YES;
				ENABLE_TESTABILITY = YES;
				GCC_C_LANGUAGE_STANDARD = gnu11;
				GCC_DYNAMIC_NO_PIC = NO;
				GCC_NO_COMMON_BLOCKS = YES;
				GCC_OPTIMIZATION_LEVEL = 0;
				GCC_PREPROCESSOR_DEFINITIONS = (
					"DEBUG=1",
					"$(inherited)",
				);
				GCC_WARN_64_TO_32_BIT_CONVERSION = YES;
				GCC_WARN_ABOUT_RETURN_TYPE = YES_ERROR;
				GCC_WARN_UNDECLARED_SELECTOR = YES;
				GCC_WARN_UNINITIALIZED_AUTOS = YES_AGGRESSIVE;
				GCC_WARN_UNUSED_FUNCTION = YES;
				GCC_WARN_UNUSED_VARIABLE = YES;
				IPHONEOS_DEPLOYMENT_TARGET = 13.5;
				MTL_ENABLE_DEBUG_INFO = INCLUDE_SOURCE;
				MTL_FAST_MATH = YES;
				ONLY_ACTIVE_ARCH = YES;
				SDKROOT = iphoneos;
				SWIFT_ACTIVE_COMPILATION_CONDITIONS = DEBUG;
				SWIFT_OPTIMIZATION_LEVEL = "-Onone";
			};
			name = Debug;
		};
		89AD2B3224BC225F008B4696 /* Release */ = {
			isa = XCBuildConfiguration;
			buildSettings = {
				ALWAYS_SEARCH_USER_PATHS = NO;
				CLANG_ANALYZER_NONNULL = YES;
				CLANG_ANALYZER_NUMBER_OBJECT_CONVERSION = YES_AGGRESSIVE;
				CLANG_CXX_LANGUAGE_STANDARD = "gnu++14";
				CLANG_CXX_LIBRARY = "libc++";
				CLANG_ENABLE_MODULES = YES;
				CLANG_ENABLE_OBJC_ARC = YES;
				CLANG_ENABLE_OBJC_WEAK = YES;
				CLANG_WARN_BLOCK_CAPTURE_AUTORELEASING = YES;
				CLANG_WARN_BOOL_CONVERSION = YES;
				CLANG_WARN_COMMA = YES;
				CLANG_WARN_CONSTANT_CONVERSION = YES;
				CLANG_WARN_DEPRECATED_OBJC_IMPLEMENTATIONS = YES;
				CLANG_WARN_DIRECT_OBJC_ISA_USAGE = YES_ERROR;
				CLANG_WARN_DOCUMENTATION_COMMENTS = YES;
				CLANG_WARN_EMPTY_BODY = YES;
				CLANG_WARN_ENUM_CONVERSION = YES;
				CLANG_WARN_INFINITE_RECURSION = YES;
				CLANG_WARN_INT_CONVERSION = YES;
				CLANG_WARN_NON_LITERAL_NULL_CONVERSION = YES;
				CLANG_WARN_OBJC_IMPLICIT_RETAIN_SELF = YES;
				CLANG_WARN_OBJC_LITERAL_CONVERSION = YES;
				CLANG_WARN_OBJC_ROOT_CLASS = YES_ERROR;
				CLANG_WARN_RANGE_LOOP_ANALYSIS = YES;
				CLANG_WARN_STRICT_PROTOTYPES = YES;
				CLANG_WARN_SUSPICIOUS_MOVE = YES;
				CLANG_WARN_UNGUARDED_AVAILABILITY = YES_AGGRESSIVE;
				CLANG_WARN_UNREACHABLE_CODE = YES;
				CLANG_WARN__DUPLICATE_METHOD_MATCH = YES;
				COPY_PHASE_STRIP = NO;
				DEBUG_INFORMATION_FORMAT = "dwarf-with-dsym";
				ENABLE_NS_ASSERTIONS = NO;
				ENABLE_STRICT_OBJC_MSGSEND = YES;
				GCC_C_LANGUAGE_STANDARD = gnu11;
				GCC_NO_COMMON_BLOCKS = YES;
				GCC_WARN_64_TO_32_BIT_CONVERSION = YES;
				GCC_WARN_ABOUT_RETURN_TYPE = YES_ERROR;
				GCC_WARN_UNDECLARED_SELECTOR = YES;
				GCC_WARN_UNINITIALIZED_AUTOS = YES_AGGRESSIVE;
				GCC_WARN_UNUSED_FUNCTION = YES;
				GCC_WARN_UNUSED_VARIABLE = YES;
				IPHONEOS_DEPLOYMENT_TARGET = 13.5;
				MTL_ENABLE_DEBUG_INFO = NO;
				MTL_FAST_MATH = YES;
				SDKROOT = iphoneos;
				SWIFT_COMPILATION_MODE = wholemodule;
				SWIFT_OPTIMIZATION_LEVEL = "-O";
				VALIDATE_PRODUCT = YES;
			};
			name = Release;
		};
		89AD2B3424BC225F008B4696 /* Debug */ = {
			isa = XCBuildConfiguration;
			baseConfigurationReference = 3C5B71394B5571BE09E7953B /* Pods-ColorQuest.debug.xcconfig */;
			buildSettings = {
				ASSETCATALOG_COMPILER_APPICON_NAME = AppIcon;
				CODE_SIGN_STYLE = Automatic;
				DEVELOPMENT_TEAM = 25BKB2B8F3;
				INFOPLIST_FILE = ColorQuest/Info.plist;
				LD_RUNPATH_SEARCH_PATHS = (
					"$(inherited)",
					"@executable_path/Frameworks",
				);
				PRODUCT_BUNDLE_IDENTIFIER = com.colorquest.app1345;
				PRODUCT_NAME = "$(TARGET_NAME)";
				SWIFT_VERSION = 5.0;
				TARGETED_DEVICE_FAMILY = "1,2";
			};
			name = Debug;
		};
		89AD2B3524BC225F008B4696 /* Release */ = {
			isa = XCBuildConfiguration;
			baseConfigurationReference = 79FFDA8D50A8ADD03F2BAC8F /* Pods-ColorQuest.release.xcconfig */;
			buildSettings = {
				ASSETCATALOG_COMPILER_APPICON_NAME = AppIcon;
				CODE_SIGN_IDENTITY = "Apple Development";
				CODE_SIGN_STYLE = Automatic;
				DEVELOPMENT_TEAM = 25BKB2B8F3;
				INFOPLIST_FILE = ColorQuest/Info.plist;
				LD_RUNPATH_SEARCH_PATHS = (
					"$(inherited)",
					"@executable_path/Frameworks",
				);
				PRODUCT_BUNDLE_IDENTIFIER = com.colorquest.app13233;
				PRODUCT_NAME = "$(TARGET_NAME)";
				PROVISIONING_PROFILE_SPECIFIER = "";
				SWIFT_VERSION = 5.0;
				TARGETED_DEVICE_FAMILY = "1,2";
			};
			name = Release;
		};
/* End XCBuildConfiguration section */

/* Begin XCConfigurationList section */
		89AD2B1724BC225E008B4696 /* Build configuration list for PBXProject "ColorQuest" */ = {
			isa = XCConfigurationList;
			buildConfigurations = (
				89AD2B3124BC225F008B4696 /* Debug */,
				89AD2B3224BC225F008B4696 /* Release */,
			);
			defaultConfigurationIsVisible = 0;
			defaultConfigurationName = Release;
		};
		89AD2B3324BC225F008B4696 /* Build configuration list for PBXNativeTarget "ColorQuest" */ = {
			isa = XCConfigurationList;
			buildConfigurations = (
				89AD2B3424BC225F008B4696 /* Debug */,
				89AD2B3524BC225F008B4696 /* Release */,
			);
			defaultConfigurationIsVisible = 0;
			defaultConfigurationName = Release;
		};
/* End XCConfigurationList section */

/* Begin XCVersionGroup section */
		89AD2B2824BC225E008B4696 /* ColorQuest.xcdatamodeld */ = {
			isa = XCVersionGroup;
			children = (
				89AD2B2924BC225E008B4696 /* ColorQuest.xcdatamodel */,
			);
			currentVersion = 89AD2B2924BC225E008B4696 /* ColorQuest.xcdatamodel */;
			path = ColorQuest.xcdatamodeld;
			sourceTree = "<group>";
			versionGroupType = wrapper.xcdatamodel;
		};
/* End XCVersionGroup section */
	};
	rootObject = 89AD2B1424BC225E008B4696 /* Project object */;
}
